// !$*UTF8*$!
{
	archiveVersion = 1;
	classes = {
	};
	objectVersion = 46;
	objects = {

/* Begin PBXBuildFile section */
		8ED7AA7A1E9037660034AD8A /* AppDelegate.swift in Sources */ = {isa = PBXBuildFile; fileRef = 8ED7AA791E9037660034AD8A /* AppDelegate.swift */; };
		8ED7AA7C1E9037660034AD8A /* ViewController.swift in Sources */ = {isa = PBXBuildFile; fileRef = 8ED7AA7B1E9037660034AD8A /* ViewController.swift */; };
		8ED7AA7F1E9037660034AD8A /* Main.storyboard in Resources */ = {isa = PBXBuildFile; fileRef = 8ED7AA7D1E9037660034AD8A /* Main.storyboard */; };
		8ED7AA811E9037660034AD8A /* Assets.xcassets in Resources */ = {isa = PBXBuildFile; fileRef = 8ED7AA801E9037660034AD8A /* Assets.xcassets */; };
		8ED7AA841E9037660034AD8A /* LaunchScreen.storyboard in Resources */ = {isa = PBXBuildFile; fileRef = 8ED7AA821E9037660034AD8A /* LaunchScreen.storyboard */; };
		9EA10D363CBD43BD3575DC2B /* Pods_ctrlf_irl.framework in Frameworks */ = {isa = PBXBuildFile; fileRef = 1513F4C86DCBAB1F2B380CD9 /* Pods_ctrlf_irl.framework */; };
/* End PBXBuildFile section */

/* Begin PBXFileReference section */
		1513F4C86DCBAB1F2B380CD9 /* Pods_ctrlf_irl.framework */ = {isa = PBXFileReference; explicitFileType = wrapper.framework; includeInIndex = 0; path = Pods_ctrlf_irl.framework; sourceTree = BUILT_PRODUCTS_DIR; };
		2F2FB583AFDD774B7061960B /* Pods-ctrlf_irl.debug.xcconfig */ = {isa = PBXFileReference; includeInIndex = 1; lastKnownFileType = text.xcconfig; name = "Pods-ctrlf_irl.debug.xcconfig"; path = "Pods/Target Support Files/Pods-ctrlf_irl/Pods-ctrlf_irl.debug.xcconfig"; sourceTree = "<group>"; };
		8ED7AA761E9037660034AD8A /* ctrlf_irl.app */ = {isa = PBXFileReference; explicitFileType = wrapper.application; includeInIndex = 0; path = ctrlf_irl.app; sourceTree = BUILT_PRODUCTS_DIR; };
		8ED7AA791E9037660034AD8A /* AppDelegate.swift */ = {isa = PBXFileReference; lastKnownFileType = sourcecode.swift; path = AppDelegate.swift; sourceTree = "<group>"; };
		8ED7AA7B1E9037660034AD8A /* ViewController.swift */ = {isa = PBXFileReference; lastKnownFileType = sourcecode.swift; path = ViewController.swift; sourceTree = "<group>"; };
		8ED7AA7E1E9037660034AD8A /* Base */ = {isa = PBXFileReference; lastKnownFileType = file.storyboard; name = Base; path = Base.lproj/Main.storyboard; sourceTree = "<group>"; };
		8ED7AA801E9037660034AD8A /* Assets.xcassets */ = {isa = PBXFileReference; lastKnownFileType = folder.assetcatalog; path = Assets.xcassets; sourceTree = "<group>"; };
		8ED7AA831E9037660034AD8A /* Base */ = {isa = PBXFileReference; lastKnownFileType = file.storyboard; name = Base; path = Base.lproj/LaunchScreen.storyboard; sourceTree = "<group>"; };
		8ED7AA851E9037660034AD8A /* Info.plist */ = {isa = PBXFileReference; lastKnownFileType = text.plist.xml; path = Info.plist; sourceTree = "<group>"; };
		E1E1ECADF4FB45EF29D4AD4B /* Pods-ctrlf_irl.release.xcconfig */ = {isa = PBXFileReference; includeInIndex = 1; lastKnownFileType = text.xcconfig; name = "Pods-ctrlf_irl.release.xcconfig"; path = "Pods/Target Support Files/Pods-ctrlf_irl/Pods-ctrlf_irl.release.xcconfig"; sourceTree = "<group>"; };
/* End PBXFileReference section */

/* Begin PBXFrameworksBuildPhase section */
		8ED7AA731E9037650034AD8A /* Frameworks */ = {
			isa = PBXFrameworksBuildPhase;
			buildActionMask = 2147483647;
			files = (
				9EA10D363CBD43BD3575DC2B /* Pods_ctrlf_irl.framework in Frameworks */,
			);
			runOnlyForDeploymentPostprocessing = 0;
		};
/* End PBXFrameworksBuildPhase section */

/* Begin PBXGroup section */
		8ED7AA6D1E9037650034AD8A = {
			isa = PBXGroup;
			children = (
				8ED7AA781E9037660034AD8A /* ctrlf_irl */,
				8ED7AA771E9037660034AD8A /* Products */,
				C1146FD77F6671EF7E0C263D /* Pods */,
				B58D7BF5347BB4D1B50661E4 /* Frameworks */,
			);
			sourceTree = "<group>";
		};
		8ED7AA771E9037660034AD8A /* Products */ = {
			isa = PBXGroup;
			children = (
				8ED7AA761E9037660034AD8A /* ctrlf_irl.app */,
			);
			name = Products;
			sourceTree = "<group>";
		};
		8ED7AA781E9037660034AD8A /* ctrlf_irl */ = {
			isa = PBXGroup;
			children = (
				8ED7AA791E9037660034AD8A /* AppDelegate.swift */,
				8ED7AA7B1E9037660034AD8A /* ViewController.swift */,
				8ED7AA7D1E9037660034AD8A /* Main.storyboard */,
				8ED7AA801E9037660034AD8A /* Assets.xcassets */,
				8ED7AA821E9037660034AD8A /* LaunchScreen.storyboard */,
				8ED7AA851E9037660034AD8A /* Info.plist */,
			);
			path = ctrlf_irl;
			sourceTree = "<group>";
		};
		B58D7BF5347BB4D1B50661E4 /* Frameworks */ = {
			isa = PBXGroup;
			children = (
				1513F4C86DCBAB1F2B380CD9 /* Pods_ctrlf_irl.framework */,
			);
			name = Frameworks;
			sourceTree = "<group>";
		};
		C1146FD77F6671EF7E0C263D /* Pods */ = {
			isa = PBXGroup;
			children = (
				2F2FB583AFDD774B7061960B /* Pods-ctrlf_irl.debug.xcconfig */,
				E1E1ECADF4FB45EF29D4AD4B /* Pods-ctrlf_irl.release.xcconfig */,
			);
			name = Pods;
			sourceTree = "<group>";
		};
/* End PBXGroup section */

/* Begin PBXNativeTarget section */
		8ED7AA751E9037650034AD8A /* ctrlf_irl */ = {
			isa = PBXNativeTarget;
			buildConfigurationList = 8ED7AA881E9037660034AD8A /* Build configuration list for PBXNativeTarget "ctrlf_irl" */;
			buildPhases = (
				AE8DD41D08F7280C92887B71 /* [CP] Check Pods Manifest.lock */,
				8ED7AA721E9037650034AD8A /* Sources */,
				8ED7AA731E9037650034AD8A /* Frameworks */,
				8ED7AA741E9037650034AD8A /* Resources */,
				8DEC78C4D5FFC48789B543A3 /* [CP] Embed Pods Frameworks */,
				18E3ADB3A6D96AB4642FCB99 /* [CP] Copy Pods Resources */,
			);
			buildRules = (
			);
			dependencies = (
			);
			name = ctrlf_irl;
			productName = ctrlf_irl;
			productReference = 8ED7AA761E9037660034AD8A /* ctrlf_irl.app */;
			productType = "com.apple.product-type.application";
		};
/* End PBXNativeTarget section */

/* Begin PBXProject section */
		8ED7AA6E1E9037650034AD8A /* Project object */ = {
			isa = PBXProject;
			attributes = {
				LastSwiftUpdateCheck = 0810;
				LastUpgradeCheck = 0810;
				ORGANIZATIONNAME = "Farbod Rafezy";
				TargetAttributes = {
					8ED7AA751E9037650034AD8A = {
						CreatedOnToolsVersion = 8.1;
						DevelopmentTeam = GK8ZBK5FD2;
						ProvisioningStyle = Automatic;
					};
				};
			};
			buildConfigurationList = 8ED7AA711E9037650034AD8A /* Build configuration list for PBXProject "ctrlf_irl" */;
			compatibilityVersion = "Xcode 3.2";
			developmentRegion = English;
			hasScannedForEncodings = 0;
			knownRegions = (
				en,
				Base,
			);
			mainGroup = 8ED7AA6D1E9037650034AD8A;
			productRefGroup = 8ED7AA771E9037660034AD8A /* Products */;
			projectDirPath = "";
			projectRoot = "";
			targets = (
				8ED7AA751E9037650034AD8A /* ctrlf_irl */,
			);
		};
/* End PBXProject section */

/* Begin PBXResourcesBuildPhase section */
		8ED7AA741E9037650034AD8A /* Resources */ = {
			isa = PBXResourcesBuildPhase;
			buildActionMask = 2147483647;
			files = (
				8ED7AA841E9037660034AD8A /* LaunchScreen.storyboard in Resources */,
				8ED7AA811E9037660034AD8A /* Assets.xcassets in Resources */,
				8ED7AA7F1E9037660034AD8A /* Main.storyboard in Resources */,
			);
			runOnlyForDeploymentPostprocessing = 0;
		};
/* End PBXResourcesBuildPhase section */

/* Begin PBXShellScriptBuildPhase section */
		18E3ADB3A6D96AB4642FCB99 /* [CP] Copy Pods Resources */ = {
			isa = PBXShellScriptBuildPhase;
			buildActionMask = 2147483647;
			files = (
			);
			inputPaths = (
			);
			name = "[CP] Copy Pods Resources";
			outputPaths = (
			);
			runOnlyForDeploymentPostprocessing = 0;
			shellPath = /bin/sh;
			shellScript = "\"${SRCROOT}/Pods/Target Support Files/Pods-ctrlf_irl/Pods-ctrlf_irl-resources.sh\"\n";
			showEnvVarsInLog = 0;
		};
		8DEC78C4D5FFC48789B543A3 /* [CP] Embed Pods Frameworks */ = {
			isa = PBXShellScriptBuildPhase;
			buildActionMask = 2147483647;
			files = (
			);
			inputPaths = (
			);
			name = "[CP] Embed Pods Frameworks";
			outputPaths = (
			);
			runOnlyForDeploymentPostprocessing = 0;
			shellPath = /bin/sh;
			shellScript = "\"${SRCROOT}/Pods/Target Support Files/Pods-ctrlf_irl/Pods-ctrlf_irl-frameworks.sh\"\n";
			showEnvVarsInLog = 0;
		};
		AE8DD41D08F7280C92887B71 /* [CP] Check Pods Manifest.lock */ = {
			isa = PBXShellScriptBuildPhase;
			buildActionMask = 2147483647;
			files = (
			);
			inputPaths = (
			);
			name = "[CP] Check Pods Manifest.lock";
			outputPaths = (
			);
			runOnlyForDeploymentPostprocessing = 0;
			shellPath = /bin/sh;
			shellScript = "diff \"${PODS_ROOT}/../Podfile.lock\" \"${PODS_ROOT}/Manifest.lock\" > /dev/null\nif [ $? != 0 ] ; then\n    # print error to STDERR\n    echo \"error: The sandbox is not in sync with the Podfile.lock. Run 'pod install' or update your CocoaPods installation.\" >&2\n    exit 1\nfi\n";
			showEnvVarsInLog = 0;
		};
/* End PBXShellScriptBuildPhase section */

/* Begin PBXSourcesBuildPhase section */
		8ED7AA721E9037650034AD8A /* Sources */ = {
			isa = PBXSourcesBuildPhase;
			buildActionMask = 2147483647;
			files = (
				8ED7AA7C1E9037660034AD8A /* ViewController.swift in Sources */,
				8ED7AA7A1E9037660034AD8A /* AppDelegate.swift in Sources */,
			);
			runOnlyForDeploymentPostprocessing = 0;
		};
/* End PBXSourcesBuildPhase section */

/* Begin PBXVariantGroup section */
		8ED7AA7D1E9037660034AD8A /* Main.storyboard */ = {
			isa = PBXVariantGroup;
			children = (
				8ED7AA7E1E9037660034AD8A /* Base */,
			);
			name = Main.storyboard;
			sourceTree = "<group>";
		};
		8ED7AA821E9037660034AD8A /* LaunchScreen.storyboard */ = {
			isa = PBXVariantGroup;
			children = (
				8ED7AA831E9037660034AD8A /* Base */,
			);
			name = LaunchScreen.storyboard;
			sourceTree = "<group>";
		};
/* End PBXVariantGroup section */

/* Begin XCBuildConfiguration section */
		8ED7AA861E9037660034AD8A /* Debug */ = {
			isa = XCBuildConfiguration;
			buildSettings = {
				ALWAYS_SEARCH_USER_PATHS = NO;
				CLANG_ANALYZER_NONNULL = YES;
				CLANG_CXX_LANGUAGE_STANDARD = "gnu++0x";
				CLANG_CXX_LIBRARY = "libc++";
				CLANG_ENABLE_MODULES = YES;
				CLANG_ENABLE_OBJC_ARC = YES;
				CLANG_WARN_BOOL_CONVERSION = YES;
				CLANG_WARN_CONSTANT_CONVERSION = YES;
				CLANG_WARN_DIRECT_OBJC_ISA_USAGE = YES_ERROR;
				CLANG_WARN_DOCUMENTATION_COMMENTS = YES;
				CLANG_WARN_EMPTY_BODY = YES;
				CLANG_WARN_ENUM_CONVERSION = YES;
				CLANG_WARN_INFINITE_RECURSION = YES;
				CLANG_WARN_INT_CONVERSION = YES;
				CLANG_WARN_OBJC_ROOT_CLASS = YES_ERROR;
				CLANG_WARN_SUSPICIOUS_MOVES = YES;
				CLANG_WARN_UNREACHABLE_CODE = YES;
				CLANG_WARN__DUPLICATE_METHOD_MATCH = YES;
				"CODE_SIGN_IDENTITY[sdk=iphoneos*]" = "iPhone Developer";
				COPY_PHASE_STRIP = NO;
				DEBUG_INFORMATION_FORMAT = dwarf;
				ENABLE_STRICT_OBJC_MSGSEND = YES;
				ENABLE_TESTABILITY = YES;
				GCC_C_LANGUAGE_STANDARD = gnu99;
				GCC_DYNAMIC_NO_PIC = NO;
				GCC_NO_COMMON_BLOCKS = YES;
				GCC_OPTIMIZATION_LEVEL = 0;
				GCC_PREPROCESSOR_DEFINITIONS = (
					"DEBUG=1",
					"$(inherited)",
				);
				GCC_WARN_64_TO_32_BIT_CONVERSION = YES;
				GCC_WARN_ABOUT_RETURN_TYPE = YES_ERROR;
				GCC_WARN_UNDECLARED_SELECTOR = YES;
				GCC_WARN_UNINITIALIZED_AUTOS = YES_AGGRESSIVE;
				GCC_WARN_UNUSED_FUNCTION = YES;
				GCC_WARN_UNUSED_VARIABLE = YES;
				IPHONEOS_DEPLOYMENT_TARGET = 10.1;
				MTL_ENABLE_DEBUG_INFO = YES;
				ONLY_ACTIVE_ARCH = YES;
				SDKROOT = iphoneos;
				SWIFT_ACTIVE_COMPILATION_CONDITIONS = DEBUG;
				SWIFT_OPTIMIZATION_LEVEL = "-Onone";
			};
			name = Debug;
		};
		8ED7AA871E9037660034AD8A /* Release */ = {
			isa = XCBuildConfiguration;
			buildSettings = {
				ALWAYS_SEARCH_USER_PATHS = NO;
				CLANG_ANALYZER_NONNULL = YES;
				CLANG_CXX_LANGUAGE_STANDARD = "gnu++0x";
				CLANG_CXX_LIBRARY = "libc++";
				CLANG_ENABLE_MODULES = YES;
				CLANG_ENABLE_OBJC_ARC = YES;
				CLANG_WARN_BOOL_CONVERSION = YES;
				CLANG_WARN_CONSTANT_CONVERSION = YES;
				CLANG_WARN_DIRECT_OBJC_ISA_USAGE = YES_ERROR;
				CLANG_WARN_DOCUMENTATION_COMMENTS = YES;
				CLANG_WARN_EMPTY_BODY = YES;
				CLANG_WARN_ENUM_CONVERSION = YES;
				CLANG_WARN_INFINITE_RECURSION = YES;
				CLANG_WARN_INT_CONVERSION = YES;
				CLANG_WARN_OBJC_ROOT_CLASS = YES_ERROR;
				CLANG_WARN_SUSPICIOUS_MOVES = YES;
				CLANG_WARN_UNREACHABLE_CODE = YES;
				CLANG_WARN__DUPLICATE_METHOD_MATCH = YES;
				"CODE_SIGN_IDENTITY[sdk=iphoneos*]" = "iPhone Developer";
				COPY_PHASE_STRIP = NO;
				DEBUG_INFORMATION_FORMAT = "dwarf-with-dsym";
				ENABLE_NS_ASSERTIONS = NO;
				ENABLE_STRICT_OBJC_MSGSEND = YES;
				GCC_C_LANGUAGE_STANDARD = gnu99;
				GCC_NO_COMMON_BLOCKS = YES;
				GCC_WARN_64_TO_32_BIT_CONVERSION = YES;
				GCC_WARN_ABOUT_RETURN_TYPE = YES_ERROR;
				GCC_WARN_UNDECLARED_SELECTOR = YES;
				GCC_WARN_UNINITIALIZED_AUTOS = YES_AGGRESSIVE;
				GCC_WARN_UNUSED_FUNCTION = YES;
				GCC_WARN_UNUSED_VARIABLE = YES;
				IPHONEOS_DEPLOYMENT_TARGET = 10.1;
				MTL_ENABLE_DEBUG_INFO = NO;
				SDKROOT = iphoneos;
				SWIFT_OPTIMIZATION_LEVEL = "-Owholemodule";
				VALIDATE_PRODUCT = YES;
			};
			name = Release;
		};
		8ED7AA891E9037660034AD8A /* Debug */ = {
			isa = XCBuildConfiguration;
			baseConfigurationReference = 2F2FB583AFDD774B7061960B /* Pods-ctrlf_irl.debug.xcconfig */;
			buildSettings = {
				ASSETCATALOG_COMPILER_APPICON_NAME = AppIcon;
				"CODE_SIGN_IDENTITY[sdk=iphoneos*]" = "iPhone Developer";
				DEVELOPMENT_TEAM = GK8ZBK5FD2;
				INFOPLIST_FILE = ctrlf_irl/Info.plist;
				IPHONEOS_DEPLOYMENT_TARGET = 10.0;
				LD_RUNPATH_SEARCH_PATHS = "$(inherited) @executable_path/Frameworks";
				PRODUCT_BUNDLE_IDENTIFIER = com.farbodrafezy.skim;
				PRODUCT_NAME = "$(TARGET_NAME)";
				SWIFT_VERSION = 3.0;
			};
			name = Debug;
		};
		8ED7AA8A1E9037660034AD8A /* Release */ = {
			isa = XCBuildConfiguration;
			baseConfigurationReference = E1E1ECADF4FB45EF29D4AD4B /* Pods-ctrlf_irl.release.xcconfig */;
			buildSettings = {
				ASSETCATALOG_COMPILER_APPICON_NAME = AppIcon;
				"CODE_SIGN_IDENTITY[sdk=iphoneos*]" = "iPhone Developer";
				DEVELOPMENT_TEAM = GK8ZBK5FD2;
				INFOPLIST_FILE = ctrlf_irl/Info.plist;
				IPHONEOS_DEPLOYMENT_TARGET = 10.0;
				LD_RUNPATH_SEARCH_PATHS = "$(inherited) @executable_path/Frameworks";
				PRODUCT_BUNDLE_IDENTIFIER = com.farbodrafezy.skim;
				PRODUCT_NAME = "$(TARGET_NAME)";
				SWIFT_VERSION = 3.0;
			};
			name = Release;
		};
/* End XCBuildConfiguration section */

/* Begin XCConfigurationList section */
		8ED7AA711E9037650034AD8A /* Build configuration list for PBXProject "ctrlf_irl" */ = {
			isa = XCConfigurationList;
			buildConfigurations = (
				8ED7AA861E9037660034AD8A /* Debug */,
				8ED7AA871E9037660034AD8A /* Release */,
			);
			defaultConfigurationIsVisible = 0;
			defaultConfigurationName = Release;
		};
		8ED7AA881E9037660034AD8A /* Build configuration list for PBXNativeTarget "ctrlf_irl" */ = {
			isa = XCConfigurationList;
			buildConfigurations = (
				8ED7AA891E9037660034AD8A /* Debug */,
				8ED7AA8A1E9037660034AD8A /* Release */,
			);
			defaultConfigurationIsVisible = 0;
			defaultConfigurationName = Release;
		};
/* End XCConfigurationList section */
	};
	rootObject = 8ED7AA6E1E9037650034AD8A /* Project object */;
}
